{
  "name": "govuk-frontend-jinja",
  "version": "0.0.0",
  "lockfileVersion": 3,
  "requires": true,
  "packages": {
    "": {
      "name": "govuk-frontend-jinja",
      "version": "0.0.0",
      "license": "MIT",
      "devDependencies": {
        "govuk-frontend": "^5.1.0"
      }
    },
    "node_modules/govuk-frontend": {
      "version": "5.1.0",
      "resolved": "https://registry.npmjs.org/govuk-frontend/-/govuk-frontend-5.1.0.tgz",
      "integrity": "sha512-Dc3J+uOI4i2VR3BVyfxbf6qVjTT4n4bBqbD0/Io6feP8pt/4IfKdP1vWimZf+BwMKKMXacw10hmdy5UcD6Cr8w==",
      "dev": true,
      "engines": {
        "node": ">= 4.2.0"
      }
    }
  }
}
